{
  "name": "miniprogram",
  "version": "1.0.0",
  "lockfileVersion": 1,
  "requires": true,
  "dependencies": {
    "miment": {
      "version": "0.0.9",
      "resolved": "https://registry.npmjs.org/miment/-/miment-0.0.9.tgz",
      "integrity": "sha512-pfjF/jPPxCaR7swQIKbWHBfSJAw47e4iZQPM6HzuexSDiZRPj8bx3rNzP4G/oK37+skbM/9eidoX9awJJfgLAg=="
    },
    "vant-weapp": {
      "version": "0.5.22",
      "resolved": "https://registry.npmjs.org/vant-weapp/-/vant-weapp-0.5.22.tgz",
      "integrity": "sha512-tzmm5O0mfpnVchrRRWsZyRflV4yQloMtRZM+q5PoE0CfxRdTnP9CN9ZVsCLh4D8/0X3bGmxAddakwM9xNenAfA=="
    },
    "weui-miniprogram": {
      "version": "file:miniprogram_npm/weui-miniprogram"
    }
  }
}
